
Microsoft Visual Studio Solution File, Format Version 12.00
# Visual Studio 15
VisualStudioVersion = 15.0.26730.12
MinimumVisualStudioVersion = 10.0.40219.1
Project("{FAE04EC0-301F-11D3-BF4B-00C04F79EFBC}") = "WordFind_HugoV", "WordFind_HugoV\WordFind_HugoV.csproj", "{3EF2D03A-285A-46C5-9F5F-502A32D50D4B}"
EndProject
Global
	GlobalSection(SolutionConfigurationPlatforms) = preSolution
		Debug|Any CPU = Debug|Any CPU
		Release|Any CPU = Release|Any CPU
	EndGlobalSection
	GlobalSection(ProjectConfigurationPlatforms) = postSolution
		{3EF2D03A-285A-46C5-9F5F-502A32D50D4B}.Debug|Any CPU.ActiveCfg = Debug|Any CPU
		{3EF2D03A-285A-46C5-9F5F-502A32D50D4B}.Debug|Any CPU.Build.0 = Debug|Any CPU
		{3EF2D03A-285A-46C5-9F5F-502A32D50D4B}.Release|Any CPU.ActiveCfg = Release|Any CPU
		{3EF2D03A-285A-46C5-9F5F-502A32D50D4B}.Release|Any CPU.Build.0 = Release|Any CPU
	EndGlobalSection
	GlobalSection(SolutionProperties) = preSolution
		HideSolutionNode = FALSE
	EndGlobalSection
	GlobalSection(ExtensibilityGlobals) = postSolution
		SolutionGuid = {0407C8B8-AE36-438E-A398-C8B9EF38E9EB}
	EndGlobalSection
EndGlobal
